// !$*UTF8*$!
{
	archiveVersion = 1;
	classes = {
	};
	objectVersion = 46;
	objects = {

/* Begin PBXBuildFile section */
		CFF1CD291940D7B30067918D /* AppDelegate.swift in Sources */ = {isa = PBXBuildFile; fileRef = CFF1CD281940D7B30067918D /* AppDelegate.swift */; };
		CFF1CD2B1940D7B30067918D /* ViewController.swift in Sources */ = {isa = PBXBuildFile; fileRef = CFF1CD2A1940D7B30067918D /* ViewController.swift */; };
		CFF1CD2E1940D7B30067918D /* Main.storyboard in Resources */ = {isa = PBXBuildFile; fileRef = CFF1CD2C1940D7B30067918D /* Main.storyboard */; };
		CFF1CD301940D7B30067918D /* Images.xcassets in Resources */ = {isa = PBXBuildFile; fileRef = CFF1CD2F1940D7B30067918D /* Images.xcassets */; };
		CFF1CD3C1940D7B30067918D /* SwiftlyTests.swift in Sources */ = {isa = PBXBuildFile; fileRef = CFF1CD3B1940D7B30067918D /* SwiftlyTests.swift */; };
		CFF1CD731940F6EC0067918D /* KTCollectionViewCell.swift in Sources */ = {isa = PBXBuildFile; fileRef = CFF1CD721940F6EC0067918D /* KTCollectionViewCell.swift */; };
/* End PBXBuildFile section */

/* Begin PBXContainerItemProxy section */
		CFF1CD361940D7B30067918D /* PBXContainerItemProxy */ = {
			isa = PBXContainerItemProxy;
			containerPortal = CFF1CD1B1940D7B30067918D /* Project object */;
			proxyType = 1;
			remoteGlobalIDString = CFF1CD221940D7B30067918D;
			remoteInfo = Swiftly;
		};
/* End PBXContainerItemProxy section */

/* Begin PBXFileReference section */
		CFF1CD231940D7B30067918D /* Swiftly.app */ = {isa = PBXFileReference; explicitFileType = wrapper.application; includeInIndex = 0; path = Swiftly.app; sourceTree = BUILT_PRODUCTS_DIR; };
		CFF1CD271940D7B30067918D /* Info.plist */ = {isa = PBXFileReference; lastKnownFileType = text.plist.xml; path = Info.plist; sourceTree = "<group>"; };
		CFF1CD281940D7B30067918D /* AppDelegate.swift */ = {isa = PBXFileReference; lastKnownFileType = sourcecode.swift; path = AppDelegate.swift; sourceTree = "<group>"; };
		CFF1CD2A1940D7B30067918D /* ViewController.swift */ = {isa = PBXFileReference; lastKnownFileType = sourcecode.swift; path = ViewController.swift; sourceTree = "<group>"; };
		CFF1CD2D1940D7B30067918D /* Base */ = {isa = PBXFileReference; lastKnownFileType = file.storyboard; name = Base; path = Base.lproj/Main.storyboard; sourceTree = "<group>"; };
		CFF1CD2F1940D7B30067918D /* Images.xcassets */ = {isa = PBXFileReference; lastKnownFileType = folder.assetcatalog; path = Images.xcassets; sourceTree = "<group>"; };
		CFF1CD351940D7B30067918D /* SwiftlyTests.xctest */ = {isa = PBXFileReference; explicitFileType = wrapper.cfbundle; includeInIndex = 0; path = SwiftlyTests.xctest; sourceTree = BUILT_PRODUCTS_DIR; };
		CFF1CD3A1940D7B30067918D /* Info.plist */ = {isa = PBXFileReference; lastKnownFileType = text.plist.xml; path = Info.plist; sourceTree = "<group>"; };
		CFF1CD3B1940D7B30067918D /* SwiftlyTests.swift */ = {isa = PBXFileReference; lastKnownFileType = sourcecode.swift; path = SwiftlyTests.swift; sourceTree = "<group>"; };
		CFF1CD721940F6EC0067918D /* KTCollectionViewCell.swift */ = {isa = PBXFileReference; fileEncoding = 4; lastKnownFileType = sourcecode.swift; path = KTCollectionViewCell.swift; sourceTree = "<group>"; };
/* End PBXFileReference section */

/* Begin PBXFrameworksBuildPhase section */
		CFF1CD201940D7B30067918D /* Frameworks */ = {
			isa = PBXFrameworksBuildPhase;
			buildActionMask = 2147483647;
			files = (
			);
			runOnlyForDeploymentPostprocessing = 0;
		};
		CFF1CD321940D7B30067918D /* Frameworks */ = {
			isa = PBXFrameworksBuildPhase;
			buildActionMask = 2147483647;
			files = (
			);
			runOnlyForDeploymentPostprocessing = 0;
		};
/* End PBXFrameworksBuildPhase section */

/* Begin PBXGroup section */
		CFF1CD1A1940D7B30067918D = {
			isa = PBXGroup;
			children = (
				CFF1CD251940D7B30067918D /* Swiftly */,
				CFF1CD381940D7B30067918D /* SwiftlyTests */,
				CFF1CD241940D7B30067918D /* Products */,
			);
			sourceTree = "<group>";
		};
		CFF1CD241940D7B30067918D /* Products */ = {
			isa = PBXGroup;
			children = (
				CFF1CD231940D7B30067918D /* Swiftly.app */,
				CFF1CD351940D7B30067918D /* SwiftlyTests.xctest */,
			);
			name = Products;
			sourceTree = "<group>";
		};
		CFF1CD251940D7B30067918D /* Swiftly */ = {
			isa = PBXGroup;
			children = (
				CFF1CD281940D7B30067918D /* AppDelegate.swift */,
				CFF1CD2A1940D7B30067918D /* ViewController.swift */,
				CFF1CD2C1940D7B30067918D /* Main.storyboard */,
				CFF1CD2F1940D7B30067918D /* Images.xcassets */,
				CFF1CD261940D7B30067918D /* Supporting Files */,
				CFF1CD721940F6EC0067918D /* KTCollectionViewCell.swift */,
			);
			path = Swiftly;
			sourceTree = "<group>";
		};
		CFF1CD261940D7B30067918D /* Supporting Files */ = {
			isa = PBXGroup;
			children = (
				CFF1CD271940D7B30067918D /* Info.plist */,
			);
			name = "Supporting Files";
			sourceTree = "<group>";
		};
		CFF1CD381940D7B30067918D /* SwiftlyTests */ = {
			isa = PBXGroup;
			children = (
				CFF1CD3B1940D7B30067918D /* SwiftlyTests.swift */,
				CFF1CD391940D7B30067918D /* Supporting Files */,
			);
			path = SwiftlyTests;
			sourceTree = "<group>";
		};
		CFF1CD391940D7B30067918D /* Supporting Files */ = {
			isa = PBXGroup;
			children = (
				CFF1CD3A1940D7B30067918D /* Info.plist */,
			);
			name = "Supporting Files";
			sourceTree = "<group>";
		};
/* End PBXGroup section */

/* Begin PBXNativeTarget section */
		CFF1CD221940D7B30067918D /* Swiftly */ = {
			isa = PBXNativeTarget;
			buildConfigurationList = CFF1CD3F1940D7B30067918D /* Build configuration list for PBXNativeTarget "Swiftly" */;
			buildPhases = (
				CFF1CD1F1940D7B30067918D /* Sources */,
				CFF1CD201940D7B30067918D /* Frameworks */,
				CFF1CD211940D7B30067918D /* Resources */,
			);
			buildRules = (
			);
			dependencies = (
			);
			name = Swiftly;
			productName = Swiftly;
			productReference = CFF1CD231940D7B30067918D /* Swiftly.app */;
			productType = "com.apple.product-type.application";
		};
		CFF1CD341940D7B30067918D /* SwiftlyTests */ = {
			isa = PBXNativeTarget;
			buildConfigurationList = CFF1CD421940D7B30067918D /* Build configuration list for PBXNativeTarget "SwiftlyTests" */;
			buildPhases = (
				CFF1CD311940D7B30067918D /* Sources */,
				CFF1CD321940D7B30067918D /* Frameworks */,
				CFF1CD331940D7B30067918D /* Resources */,
			);
			buildRules = (
			);
			dependencies = (
				CFF1CD371940D7B30067918D /* PBXTargetDependency */,
			);
			name = SwiftlyTests;
			productName = SwiftlyTests;
			productReference = CFF1CD351940D7B30067918D /* SwiftlyTests.xctest */;
			productType = "com.apple.product-type.bundle.unit-test";
		};
/* End PBXNativeTarget section */

/* Begin PBXProject section */
		CFF1CD1B1940D7B30067918D /* Project object */ = {
			isa = PBXProject;
			attributes = {
				LastUpgradeCheck = 0600;
				ORGANIZATIONNAME = ktran03;
				TargetAttributes = {
					CFF1CD221940D7B30067918D = {
						CreatedOnToolsVersion = 6.0;
					};
					CFF1CD341940D7B30067918D = {
						CreatedOnToolsVersion = 6.0;
						TestTargetID = CFF1CD221940D7B30067918D;
					};
				};
			};
			buildConfigurationList = CFF1CD1E1940D7B30067918D /* Build configuration list for PBXProject "Swiftly" */;
			compatibilityVersion = "Xcode 3.2";
			developmentRegion = English;
			hasScannedForEncodings = 0;
			knownRegions = (
				en,
				Base,
			);
			mainGroup = CFF1CD1A1940D7B30067918D;
			productRefGroup = CFF1CD241940D7B30067918D /* Products */;
			projectDirPath = "";
			projectRoot = "";
			targets = (
				CFF1CD221940D7B30067918D /* Swiftly */,
				CFF1CD341940D7B30067918D /* SwiftlyTests */,
			);
		};
/* End PBXProject section */

/* Begin PBXResourcesBuildPhase section */
		CFF1CD211940D7B30067918D /* Resources */ = {
			isa = PBXResourcesBuildPhase;
			buildActionMask = 2147483647;
			files = (
				CFF1CD2E1940D7B30067918D /* Main.storyboard in Resources */,
				CFF1CD301940D7B30067918D /* Images.xcassets in Resources */,
			);
			runOnlyForDeploymentPostprocessing = 0;
		};
		CFF1CD331940D7B30067918D /* Resources */ = {
			isa = PBXResourcesBuildPhase;
			buildActionMask = 2147483647;
			files = (
			);
			runOnlyForDeploymentPostprocessing = 0;
		};
/* End PBXResourcesBuildPhase section */

/* Begin PBXSourcesBuildPhase section */
		CFF1CD1F1940D7B30067918D /* Sources */ = {
			isa = PBXSourcesBuildPhase;
			buildActionMask = 2147483647;
			files = (
				CFF1CD2B1940D7B30067918D /* ViewController.swift in Sources */,
				CFF1CD291940D7B30067918D /* AppDelegate.swift in Sources */,
				CFF1CD731940F6EC0067918D /* KTCollectionViewCell.swift in Sources */,
			);
			runOnlyForDeploymentPostprocessing = 0;
		};
		CFF1CD311940D7B30067918D /* Sources */ = {
			isa = PBXSourcesBuildPhase;
			buildActionMask = 2147483647;
			files = (
				CFF1CD3C1940D7B30067918D /* SwiftlyTests.swift in Sources */,
			);
			runOnlyForDeploymentPostprocessing = 0;
		};
/* End PBXSourcesBuildPhase section */

/* Begin PBXTargetDependency section */
		CFF1CD371940D7B30067918D /* PBXTargetDependency */ = {
			isa = PBXTargetDependency;
			target = CFF1CD221940D7B30067918D /* Swiftly */;
			targetProxy = CFF1CD361940D7B30067918D /* PBXContainerItemProxy */;
		};
/* End PBXTargetDependency section */

/* Begin PBXVariantGroup section */
		CFF1CD2C1940D7B30067918D /* Main.storyboard */ = {
			isa = PBXVariantGroup;
			children = (
				CFF1CD2D1940D7B30067918D /* Base */,
			);
			name = Main.storyboard;
			sourceTree = "<group>";
		};
/* End PBXVariantGroup section */

/* Begin XCBuildConfiguration section */
		CFF1CD3D1940D7B30067918D /* Debug */ = {
			isa = XCBuildConfiguration;
			buildSettings = {
				ALWAYS_SEARCH_USER_PATHS = NO;
				CLANG_CXX_LANGUAGE_STANDARD = "gnu++0x";
				CLANG_CXX_LIBRARY = "libc++";
				CLANG_ENABLE_MODULES = YES;
				CLANG_ENABLE_OBJC_ARC = YES;
				CLANG_WARN_BOOL_CONVERSION = YES;
				CLANG_WARN_CONSTANT_CONVERSION = YES;
				CLANG_WARN_DIRECT_OBJC_ISA_USAGE = YES_ERROR;
				CLANG_WARN_EMPTY_BODY = YES;
				CLANG_WARN_ENUM_CONVERSION = YES;
				CLANG_WARN_INT_CONVERSION = YES;
				CLANG_WARN_OBJC_ROOT_CLASS = YES_ERROR;
				CLANG_WARN_UNREACHABLE_CODE = YES;
				CLANG_WARN__DUPLICATE_METHOD_MATCH = YES;
				"CODE_SIGN_IDENTITY[sdk=iphoneos*]" = "iPhone Developer";
				COPY_PHASE_STRIP = NO;
				ENABLE_STRICT_OBJC_MSGSEND = YES;
				GCC_C_LANGUAGE_STANDARD = gnu99;
				GCC_DYNAMIC_NO_PIC = NO;
				GCC_OPTIMIZATION_LEVEL = 0;
				GCC_PREPROCESSOR_DEFINITIONS = (
					"DEBUG=1",
					"$(inherited)",
				);
				GCC_SYMBOLS_PRIVATE_EXTERN = NO;
				GCC_WARN_64_TO_32_BIT_CONVERSION = YES;
				GCC_WARN_ABOUT_RETURN_TYPE = YES_ERROR;
				GCC_WARN_UNDECLARED_SELECTOR = YES;
				GCC_WARN_UNINITIALIZED_AUTOS = YES_AGGRESSIVE;
				GCC_WARN_UNUSED_FUNCTION = YES;
				GCC_WARN_UNUSED_VARIABLE = YES;
				IPHONEOS_DEPLOYMENT_TARGET = 8.0;
				METAL_ENABLE_DEBUG_INFO = YES;
				ONLY_ACTIVE_ARCH = YES;
				SDKROOT = iphoneos;
				SWIFT_OPTIMIZATION_LEVEL = "-Onone";
			};
			name = Debug;
		};
		CFF1CD3E1940D7B30067918D /* Release */ = {
			isa = XCBuildConfiguration;
			buildSettings = {
				ALWAYS_SEARCH_USER_PATHS = NO;
				CLANG_CXX_LANGUAGE_STANDARD = "gnu++0x";
				CLANG_CXX_LIBRARY = "libc++";
				CLANG_ENABLE_MODULES = YES;
				CLANG_ENABLE_OBJC_ARC = YES;
				CLANG_WARN_BOOL_CONVERSION = YES;
				CLANG_WARN_CONSTANT_CONVERSION = YES;
				CLANG_WARN_DIRECT_OBJC_ISA_USAGE = YES_ERROR;
				CLANG_WARN_EMPTY_BODY = YES;
				CLANG_WARN_ENUM_CONVERSION = YES;
				CLANG_WARN_INT_CONVERSION = YES;
				CLANG_WARN_OBJC_ROOT_CLASS = YES_ERROR;
				CLANG_WARN_UNREACHABLE_CODE = YES;
				CLANG_WARN__DUPLICATE_METHOD_MATCH = YES;
				"CODE_SIGN_IDENTITY[sdk=iphoneos*]" = "iPhone Developer";
				COPY_PHASE_STRIP = YES;
				ENABLE_NS_ASSERTIONS = NO;
				ENABLE_STRICT_OBJC_MSGSEND = YES;
				GCC_C_LANGUAGE_STANDARD = gnu99;
				GCC_WARN_64_TO_32_BIT_CONVERSION = YES;
				GCC_WARN_ABOUT_RETURN_TYPE = YES_ERROR;
				GCC_WARN_UNDECLARED_SELECTOR = YES;
				GCC_WARN_UNINITIALIZED_AUTOS = YES_AGGRESSIVE;
				GCC_WARN_UNUSED_FUNCTION = YES;
				GCC_WARN_UNUSED_VARIABLE = YES;
				IPHONEOS_DEPLOYMENT_TARGET = 8.0;
				METAL_ENABLE_DEBUG_INFO = NO;
				SDKROOT = iphoneos;
				VALIDATE_PRODUCT = YES;
			};
			name = Release;
		};
		CFF1CD401940D7B30067918D /* Debug */ = {
			isa = XCBuildConfiguration;
			buildSettings = {
				ASSETCATALOG_COMPILER_APPICON_NAME = AppIcon;
				ASSETCATALOG_COMPILER_LAUNCHIMAGE_NAME = LaunchImage;
				INFOPLIST_FILE = Swiftly/Info.plist;
				LD_RUNPATH_SEARCH_PATHS = "$(inherited) @executable_path/Frameworks";
				PRODUCT_NAME = "$(TARGET_NAME)";
			};
			name = Debug;
		};
		CFF1CD411940D7B30067918D /* Release */ = {
			isa = XCBuildConfiguration;
			buildSettings = {
				ASSETCATALOG_COMPILER_APPICON_NAME = AppIcon;
				ASSETCATALOG_COMPILER_LAUNCHIMAGE_NAME = LaunchImage;
				INFOPLIST_FILE = Swiftly/Info.plist;
				LD_RUNPATH_SEARCH_PATHS = "$(inherited) @executable_path/Frameworks";
				PRODUCT_NAME = "$(TARGET_NAME)";
			};
			name = Release;
		};
		CFF1CD431940D7B30067918D /* Debug */ = {
			isa = XCBuildConfiguration;
			buildSettings = {
				BUNDLE_LOADER = "$(BUILT_PRODUCTS_DIR)/Swiftly.app/Swiftly";
				FRAMEWORK_SEARCH_PATHS = (
					"$(SDKROOT)/Developer/Library/Frameworks",
					"$(inherited)",
				);
				GCC_PREPROCESSOR_DEFINITIONS = (
					"DEBUG=1",
					"$(inherited)",
				);
				INFOPLIST_FILE = SwiftlyTests/Info.plist;
				LD_RUNPATH_SEARCH_PATHS = "$(inherited) @executable_path/Frameworks @loader_path/Frameworks";
				METAL_ENABLE_DEBUG_INFO = YES;
				PRODUCT_NAME = "$(TARGET_NAME)";
				TEST_HOST = "$(BUNDLE_LOADER)";
			};
			name = Debug;
		};
		CFF1CD441940D7B30067918D /* Release */ = {
			isa = XCBuildConfiguration;
			buildSettings = {
				BUNDLE_LOADER = "$(BUILT_PRODUCTS_DIR)/Swiftly.app/Swiftly";
				FRAMEWORK_SEARCH_PATHS = (
					"$(SDKROOT)/Developer/Library/Frameworks",
					"$(inherited)",
				);
				INFOPLIST_FILE = SwiftlyTests/Info.plist;
				LD_RUNPATH_SEARCH_PATHS = "$(inherited) @executable_path/Frameworks @loader_path/Frameworks";
				METAL_ENABLE_DEBUG_INFO = NO;
				PRODUCT_NAME = "$(TARGET_NAME)";
				TEST_HOST = "$(BUNDLE_LOADER)";
			};
			name = Release;
		};
/* End XCBuildConfiguration section */

/* Begin XCConfigurationList section */
		CFF1CD1E1940D7B30067918D /* Build configuration list for PBXProject "Swiftly" */ = {
			isa = XCConfigurationList;
			buildConfigurations = (
				CFF1CD3D1940D7B30067918D /* Debug */,
				CFF1CD3E1940D7B30067918D /* Release */,
			);
			defaultConfigurationIsVisible = 0;
			defaultConfigurationName = Release;
		};
		CFF1CD3F1940D7B30067918D /* Build configuration list for PBXNativeTarget "Swiftly" */ = {
			isa = XCConfigurationList;
			buildConfigurations = (
				CFF1CD401940D7B30067918D /* Debug */,
				CFF1CD411940D7B30067918D /* Release */,
			);
			defaultConfigurationIsVisible = 0;
			defaultConfigurationName = Release;
		};
		CFF1CD421940D7B30067918D /* Build configuration list for PBXNativeTarget "SwiftlyTests" */ = {
			isa = XCConfigurationList;
			buildConfigurations = (
				CFF1CD431940D7B30067918D /* Debug */,
				CFF1CD441940D7B30067918D /* Release */,
			);
			defaultConfigurationIsVisible = 0;
			defaultConfigurationName = Release;
		};
/* End XCConfigurationList section */
	};
	rootObject = CFF1CD1B1940D7B30067918D /* Project object */;
}
